// !$*UTF8*$!
{
	archiveVersion = 1;
	classes = {
	};
	objectVersion = 51;
	objects = {

/* Begin PBXBuildFile section */
		0A82C8CF4403BCB22766544B /* Pods_messenger.framework in Frameworks */ = {isa = PBXBuildFile; fileRef = CD0773E4EC363989D457C102 /* Pods_messenger.framework */; };
		50103D61264EF4D40049B7D5 /* AppDelegate.swift in Sources */ = {isa = PBXBuildFile; fileRef = 50103D60264EF4D40049B7D5 /* AppDelegate.swift */; };
		50103D63264EF4D40049B7D5 /* SceneDelegate.swift in Sources */ = {isa = PBXBuildFile; fileRef = 50103D62264EF4D40049B7D5 /* SceneDelegate.swift */; };
		50103D65264EF4D40049B7D5 /* ConversationsViewController.swift in Sources */ = {isa = PBXBuildFile; fileRef = 50103D64264EF4D40049B7D5 /* ConversationsViewController.swift */; };
		50103D68264EF4D40049B7D5 /* Main.storyboard in Resources */ = {isa = PBXBuildFile; fileRef = 50103D66264EF4D40049B7D5 /* Main.storyboard */; };
		50103D6A264EF4D60049B7D5 /* Assets.xcassets in Resources */ = {isa = PBXBuildFile; fileRef = 50103D69264EF4D60049B7D5 /* Assets.xcassets */; };
		50103D6D264EF4D60049B7D5 /* LaunchScreen.storyboard in Resources */ = {isa = PBXBuildFile; fileRef = 50103D6B264EF4D60049B7D5 /* LaunchScreen.storyboard */; };
		50103D79264EF5A90049B7D5 /* KeyphaseDetector.swift in Sources */ = {isa = PBXBuildFile; fileRef = 50103D78264EF5A90049B7D5 /* KeyphaseDetector.swift */; };
		509B4A14264F21FC00BC2B88 /* PhotoViewerViewController.swift in Sources */ = {isa = PBXBuildFile; fileRef = 509B4A13264F21FC00BC2B88 /* PhotoViewerViewController.swift */; };
		509B4A17264F220B00BC2B88 /* LoginViewController.swift in Sources */ = {isa = PBXBuildFile; fileRef = 509B4A16264F220B00BC2B88 /* LoginViewController.swift */; };
		509B4A1A264F221E00BC2B88 /* RegisterViewController.swift in Sources */ = {isa = PBXBuildFile; fileRef = 509B4A19264F221E00BC2B88 /* RegisterViewController.swift */; };
		509B4A1D264F223600BC2B88 /* VideoPlayerViewController.swift in Sources */ = {isa = PBXBuildFile; fileRef = 509B4A1C264F223600BC2B88 /* VideoPlayerViewController.swift */; };
		509B4A20264F225F00BC2B88 /* NewConversationViewController.swift in Sources */ = {isa = PBXBuildFile; fileRef = 509B4A1F264F225F00BC2B88 /* NewConversationViewController.swift */; };
		509B4A23264F227300BC2B88 /* ProfileViewController.swift in Sources */ = {isa = PBXBuildFile; fileRef = 509B4A22264F227300BC2B88 /* ProfileViewController.swift */; };
		509B4A28264F317800BC2B88 /* Extensions.swift in Sources */ = {isa = PBXBuildFile; fileRef = 509B4A27264F317800BC2B88 /* Extensions.swift */; };
		509B4A32264FE0C900BC2B88 /* LoginCommon.swift in Sources */ = {isa = PBXBuildFile; fileRef = 509B4A31264FE0C900BC2B88 /* LoginCommon.swift */; };
		509B4A4A265030DB00BC2B88 /* GoogleService-Info.plist in Resources */ = {isa = PBXBuildFile; fileRef = 509B4A49265030DB00BC2B88 /* GoogleService-Info.plist */; };
		509B4A4D2650511300BC2B88 /* DatabaseManager.swift in Sources */ = {isa = PBXBuildFile; fileRef = 509B4A4C2650511300BC2B88 /* DatabaseManager.swift */; };
		509B4A6826507C7F00BC2B88 /* ChatViewController.swift in Sources */ = {isa = PBXBuildFile; fileRef = 509B4A6726507C7F00BC2B88 /* ChatViewController.swift */; };
/* End PBXBuildFile section */

/* Begin PBXFileReference section */
		50103D5D264EF4D40049B7D5 /* messenger.app */ = {isa = PBXFileReference; explicitFileType = wrapper.application; includeInIndex = 0; path = messenger.app; sourceTree = BUILT_PRODUCTS_DIR; };
		50103D60264EF4D40049B7D5 /* AppDelegate.swift */ = {isa = PBXFileReference; lastKnownFileType = sourcecode.swift; path = AppDelegate.swift; sourceTree = "<group>"; };
		50103D62264EF4D40049B7D5 /* SceneDelegate.swift */ = {isa = PBXFileReference; lastKnownFileType = sourcecode.swift; path = SceneDelegate.swift; sourceTree = "<group>"; };
		50103D64264EF4D40049B7D5 /* ConversationsViewController.swift */ = {isa = PBXFileReference; lastKnownFileType = sourcecode.swift; path = ConversationsViewController.swift; sourceTree = "<group>"; };
		50103D67264EF4D40049B7D5 /* Base */ = {isa = PBXFileReference; lastKnownFileType = file.storyboard; name = Base; path = Base.lproj/Main.storyboard; sourceTree = "<group>"; };
		50103D69264EF4D60049B7D5 /* Assets.xcassets */ = {isa = PBXFileReference; lastKnownFileType = folder.assetcatalog; path = Assets.xcassets; sourceTree = "<group>"; };
		50103D6C264EF4D60049B7D5 /* Base */ = {isa = PBXFileReference; lastKnownFileType = file.storyboard; name = Base; path = Base.lproj/LaunchScreen.storyboard; sourceTree = "<group>"; };
		50103D6E264EF4D60049B7D5 /* Info.plist */ = {isa = PBXFileReference; lastKnownFileType = text.plist.xml; path = Info.plist; sourceTree = "<group>"; };
		50103D78264EF5A90049B7D5 /* KeyphaseDetector.swift */ = {isa = PBXFileReference; lastKnownFileType = sourcecode.swift; path = KeyphaseDetector.swift; sourceTree = "<group>"; };
		509B4A13264F21FC00BC2B88 /* PhotoViewerViewController.swift */ = {isa = PBXFileReference; lastKnownFileType = sourcecode.swift; path = PhotoViewerViewController.swift; sourceTree = "<group>"; };
		509B4A16264F220B00BC2B88 /* LoginViewController.swift */ = {isa = PBXFileReference; lastKnownFileType = sourcecode.swift; path = LoginViewController.swift; sourceTree = "<group>"; };
		509B4A19264F221E00BC2B88 /* RegisterViewController.swift */ = {isa = PBXFileReference; lastKnownFileType = sourcecode.swift; path = RegisterViewController.swift; sourceTree = "<group>"; };
		509B4A1C264F223600BC2B88 /* VideoPlayerViewController.swift */ = {isa = PBXFileReference; lastKnownFileType = sourcecode.swift; path = VideoPlayerViewController.swift; sourceTree = "<group>"; };
		509B4A1F264F225F00BC2B88 /* NewConversationViewController.swift */ = {isa = PBXFileReference; lastKnownFileType = sourcecode.swift; path = NewConversationViewController.swift; sourceTree = "<group>"; };
		509B4A22264F227300BC2B88 /* ProfileViewController.swift */ = {isa = PBXFileReference; lastKnownFileType = sourcecode.swift; path = ProfileViewController.swift; sourceTree = "<group>"; };
		509B4A27264F317800BC2B88 /* Extensions.swift */ = {isa = PBXFileReference; lastKnownFileType = sourcecode.swift; path = Extensions.swift; sourceTree = "<group>"; };
		509B4A31264FE0C900BC2B88 /* LoginCommon.swift */ = {isa = PBXFileReference; lastKnownFileType = sourcecode.swift; path = LoginCommon.swift; sourceTree = "<group>"; };
		509B4A49265030DB00BC2B88 /* GoogleService-Info.plist */ = {isa = PBXFileReference; fileEncoding = 4; lastKnownFileType = text.plist.xml; path = "GoogleService-Info.plist"; sourceTree = "<group>"; };
		509B4A4C2650511300BC2B88 /* DatabaseManager.swift */ = {isa = PBXFileReference; lastKnownFileType = sourcecode.swift; path = DatabaseManager.swift; sourceTree = "<group>"; };
		509B4A6726507C7F00BC2B88 /* ChatViewController.swift */ = {isa = PBXFileReference; lastKnownFileType = sourcecode.swift; path = ChatViewController.swift; sourceTree = "<group>"; };
		CD0773E4EC363989D457C102 /* Pods_messenger.framework */ = {isa = PBXFileReference; explicitFileType = wrapper.framework; includeInIndex = 0; path = Pods_messenger.framework; sourceTree = BUILT_PRODUCTS_DIR; };
		EF139999D0EF10D235D01F87 /* Pods-messenger.debug.xcconfig */ = {isa = PBXFileReference; includeInIndex = 1; lastKnownFileType = text.xcconfig; name = "Pods-messenger.debug.xcconfig"; path = "Target Support Files/Pods-messenger/Pods-messenger.debug.xcconfig"; sourceTree = "<group>"; };
		FD1EC97B298B9A639CBC7E25 /* Pods-messenger.release.xcconfig */ = {isa = PBXFileReference; includeInIndex = 1; lastKnownFileType = text.xcconfig; name = "Pods-messenger.release.xcconfig"; path = "Target Support Files/Pods-messenger/Pods-messenger.release.xcconfig"; sourceTree = "<group>"; };
/* End PBXFileReference section */

/* Begin PBXFrameworksBuildPhase section */
		50103D5A264EF4D40049B7D5 /* Frameworks */ = {
			isa = PBXFrameworksBuildPhase;
			buildActionMask = 2147483647;
			files = (
				0A82C8CF4403BCB22766544B /* Pods_messenger.framework in Frameworks */,
			);
			runOnlyForDeploymentPostprocessing = 0;
		};
/* End PBXFrameworksBuildPhase section */

/* Begin PBXGroup section */
		50103D54264EF4D40049B7D5 = {
			isa = PBXGroup;
			children = (
				50103D5F264EF4D40049B7D5 /* messenger */,
				50103D5E264EF4D40049B7D5 /* Products */,
				F9F7F936903BF9263B65B378 /* Pods */,
				D55A62161C31B32BC9315DCB /* Frameworks */,
			);
			sourceTree = "<group>";
		};
		50103D5E264EF4D40049B7D5 /* Products */ = {
			isa = PBXGroup;
			children = (
				50103D5D264EF4D40049B7D5 /* messenger.app */,
			);
			name = Products;
			sourceTree = "<group>";
		};
		50103D5F264EF4D40049B7D5 /* messenger */ = {
			isa = PBXGroup;
			children = (
				509B4A49265030DB00BC2B88 /* GoogleService-Info.plist */,
				509B4A10264F1F3000BC2B88 /* Controllers */,
				509B4A0F264F1F2700BC2B88 /* Views */,
				509B4A0E264F1F1F00BC2B88 /* Models */,
				509B4A0C264F1EFF00BC2B88 /* ViewModels */,
				509B4A0B264F1EF400BC2B88 /* Resources */,
				50103D6E264EF4D60049B7D5 /* Info.plist */,
				50103D78264EF5A90049B7D5 /* KeyphaseDetector.swift */,
			);
			path = messenger;
			sourceTree = "<group>";
		};
		509B4A0B264F1EF400BC2B88 /* Resources */ = {
			isa = PBXGroup;
			children = (
				509B4A27264F317800BC2B88 /* Extensions.swift */,
				50103D60264EF4D40049B7D5 /* AppDelegate.swift */,
				50103D62264EF4D40049B7D5 /* SceneDelegate.swift */,
				509B4A4C2650511300BC2B88 /* DatabaseManager.swift */,
			);
			path = Resources;
			sourceTree = "<group>";
		};
		509B4A0C264F1EFF00BC2B88 /* ViewModels */ = {
			isa = PBXGroup;
			children = (
			);
			path = ViewModels;
			sourceTree = "<group>";
		};
		509B4A0E264F1F1F00BC2B88 /* Models */ = {
			isa = PBXGroup;
			children = (
			);
			path = Models;
			sourceTree = "<group>";
		};
		509B4A0F264F1F2700BC2B88 /* Views */ = {
			isa = PBXGroup;
			children = (
				509B4A11264F1F7A00BC2B88 /* Storyboards */,
				50103D69264EF4D60049B7D5 /* Assets.xcassets */,
			);
			path = Views;
			sourceTree = "<group>";
		};
		509B4A10264F1F3000BC2B88 /* Controllers */ = {
			isa = PBXGroup;
			children = (
				50103D64264EF4D40049B7D5 /* ConversationsViewController.swift */,
				509B4A13264F21FC00BC2B88 /* PhotoViewerViewController.swift */,
				509B4A25264F28C100BC2B88 /* Login */,
				509B4A1C264F223600BC2B88 /* VideoPlayerViewController.swift */,
				509B4A1F264F225F00BC2B88 /* NewConversationViewController.swift */,
				509B4A22264F227300BC2B88 /* ProfileViewController.swift */,
				509B4A6726507C7F00BC2B88 /* ChatViewController.swift */,
			);
			path = Controllers;
			sourceTree = "<group>";
		};
		509B4A11264F1F7A00BC2B88 /* Storyboards */ = {
			isa = PBXGroup;
			children = (
				509B4A30264FE0BD00BC2B88 /* Login */,
				50103D6B264EF4D60049B7D5 /* LaunchScreen.storyboard */,
				50103D66264EF4D40049B7D5 /* Main.storyboard */,
			);
			path = Storyboards;
			sourceTree = "<group>";
		};
		509B4A25264F28C100BC2B88 /* Login */ = {
			isa = PBXGroup;
			children = (
				509B4A31264FE0C900BC2B88 /* LoginCommon.swift */,
				509B4A16264F220B00BC2B88 /* LoginViewController.swift */,
				509B4A19264F221E00BC2B88 /* RegisterViewController.swift */,
			);
			path = Login;
			sourceTree = "<group>";
		};
		509B4A30264FE0BD00BC2B88 /* Login */ = {
			isa = PBXGroup;
			children = (
			);
			path = Login;
			sourceTree = "<group>";
		};
		D55A62161C31B32BC9315DCB /* Frameworks */ = {
			isa = PBXGroup;
			children = (
				CD0773E4EC363989D457C102 /* Pods_messenger.framework */,
			);
			name = Frameworks;
			sourceTree = "<group>";
		};
		F9F7F936903BF9263B65B378 /* Pods */ = {
			isa = PBXGroup;
			children = (
				EF139999D0EF10D235D01F87 /* Pods-messenger.debug.xcconfig */,
				FD1EC97B298B9A639CBC7E25 /* Pods-messenger.release.xcconfig */,
			);
			path = Pods;
			sourceTree = "<group>";
		};
/* End PBXGroup section */

/* Begin PBXNativeTarget section */
		50103D5C264EF4D40049B7D5 /* messenger */ = {
			isa = PBXNativeTarget;
			buildConfigurationList = 50103D71264EF4D60049B7D5 /* Build configuration list for PBXNativeTarget "messenger" */;
			buildPhases = (
				711DAC6CB704971CBBBDAD09 /* [CP] Check Pods Manifest.lock */,
				50103D59264EF4D40049B7D5 /* Sources */,
				50103D5A264EF4D40049B7D5 /* Frameworks */,
				50103D5B264EF4D40049B7D5 /* Resources */,
				6EBF3A788F71C66B1A3346F9 /* [CP] Embed Pods Frameworks */,
			);
			buildRules = (
			);
			dependencies = (
			);
			name = messenger;
			productName = messenger;
			productReference = 50103D5D264EF4D40049B7D5 /* messenger.app */;
			productType = "com.apple.product-type.application";
		};
/* End PBXNativeTarget section */

/* Begin PBXProject section */
		50103D55264EF4D40049B7D5 /* Project object */ = {
			isa = PBXProject;
			attributes = {
				LastSwiftUpdateCheck = 1240;
				LastUpgradeCheck = 1240;
				TargetAttributes = {
					50103D5C264EF4D40049B7D5 = {
						CreatedOnToolsVersion = 12.4;
					};
				};
			};
			buildConfigurationList = 50103D58264EF4D40049B7D5 /* Build configuration list for PBXProject "messenger" */;
			compatibilityVersion = "Xcode 9.3";
			developmentRegion = en;
			hasScannedForEncodings = 0;
			knownRegions = (
				en,
				Base,
			);
			mainGroup = 50103D54264EF4D40049B7D5;
			productRefGroup = 50103D5E264EF4D40049B7D5 /* Products */;
			projectDirPath = "";
			projectRoot = "";
			targets = (
				50103D5C264EF4D40049B7D5 /* messenger */,
			);
		};
/* End PBXProject section */

/* Begin PBXResourcesBuildPhase section */
		50103D5B264EF4D40049B7D5 /* Resources */ = {
			isa = PBXResourcesBuildPhase;
			buildActionMask = 2147483647;
			files = (
				50103D6D264EF4D60049B7D5 /* LaunchScreen.storyboard in Resources */,
				509B4A4A265030DB00BC2B88 /* GoogleService-Info.plist in Resources */,
				50103D6A264EF4D60049B7D5 /* Assets.xcassets in Resources */,
				50103D68264EF4D40049B7D5 /* Main.storyboard in Resources */,
			);
			runOnlyForDeploymentPostprocessing = 0;
		};
/* End PBXResourcesBuildPhase section */

/* Begin PBXShellScriptBuildPhase section */
		6EBF3A788F71C66B1A3346F9 /* [CP] Embed Pods Frameworks */ = {
			isa = PBXShellScriptBuildPhase;
			buildActionMask = 2147483647;
			files = (
			);
			inputFileListPaths = (
				"${PODS_ROOT}/Target Support Files/Pods-messenger/Pods-messenger-frameworks-${CONFIGURATION}-input-files.xcfilelist",
			);
			name = "[CP] Embed Pods Frameworks";
			outputFileListPaths = (
				"${PODS_ROOT}/Target Support Files/Pods-messenger/Pods-messenger-frameworks-${CONFIGURATION}-output-files.xcfilelist",
			);
			runOnlyForDeploymentPostprocessing = 0;
			shellPath = /bin/sh;
			shellScript = "\"${PODS_ROOT}/Target Support Files/Pods-messenger/Pods-messenger-frameworks.sh\"\n";
			showEnvVarsInLog = 0;
		};
		711DAC6CB704971CBBBDAD09 /* [CP] Check Pods Manifest.lock */ = {
			isa = PBXShellScriptBuildPhase;
			buildActionMask = 2147483647;
			files = (
			);
			inputFileListPaths = (
			);
			inputPaths = (
				"${PODS_PODFILE_DIR_PATH}/Podfile.lock",
				"${PODS_ROOT}/Manifest.lock",
			);
			name = "[CP] Check Pods Manifest.lock";
			outputFileListPaths = (
			);
			outputPaths = (
				"$(DERIVED_FILE_DIR)/Pods-messenger-checkManifestLockResult.txt",
			);
			runOnlyForDeploymentPostprocessing = 0;
			shellPath = /bin/sh;
			shellScript = "diff \"${PODS_PODFILE_DIR_PATH}/Podfile.lock\" \"${PODS_ROOT}/Manifest.lock\" > /dev/null\nif [ $? != 0 ] ; then\n    # print error to STDERR\n    echo \"error: The sandbox is not in sync with the Podfile.lock. Run 'pod install' or update your CocoaPods installation.\" >&2\n    exit 1\nfi\n# This output is used by Xcode 'outputs' to avoid re-running this script phase.\necho \"SUCCESS\" > \"${SCRIPT_OUTPUT_FILE_0}\"\n";
			showEnvVarsInLog = 0;
		};
/* End PBXShellScriptBuildPhase section */

/* Begin PBXSourcesBuildPhase section */
		50103D59264EF4D40049B7D5 /* Sources */ = {
			isa = PBXSourcesBuildPhase;
			buildActionMask = 2147483647;
			files = (
				509B4A17264F220B00BC2B88 /* LoginViewController.swift in Sources */,
				50103D65264EF4D40049B7D5 /* ConversationsViewController.swift in Sources */,
				509B4A4D2650511300BC2B88 /* DatabaseManager.swift in Sources */,
				509B4A23264F227300BC2B88 /* ProfileViewController.swift in Sources */,
				509B4A1A264F221E00BC2B88 /* RegisterViewController.swift in Sources */,
				50103D79264EF5A90049B7D5 /* KeyphaseDetector.swift in Sources */,
				509B4A14264F21FC00BC2B88 /* PhotoViewerViewController.swift in Sources */,
				509B4A1D264F223600BC2B88 /* VideoPlayerViewController.swift in Sources */,
				509B4A20264F225F00BC2B88 /* NewConversationViewController.swift in Sources */,
				509B4A32264FE0C900BC2B88 /* LoginCommon.swift in Sources */,
				509B4A6826507C7F00BC2B88 /* ChatViewController.swift in Sources */,
				50103D61264EF4D40049B7D5 /* AppDelegate.swift in Sources */,
				509B4A28264F317800BC2B88 /* Extensions.swift in Sources */,
				50103D63264EF4D40049B7D5 /* SceneDelegate.swift in Sources */,
			);
			runOnlyForDeploymentPostprocessing = 0;
		};
/* End PBXSourcesBuildPhase section */

/* Begin PBXVariantGroup section */
		50103D66264EF4D40049B7D5 /* Main.storyboard */ = {
			isa = PBXVariantGroup;
			children = (
				50103D67264EF4D40049B7D5 /* Base */,
			);
			name = Main.storyboard;
			sourceTree = "<group>";
		};
		50103D6B264EF4D60049B7D5 /* LaunchScreen.storyboard */ = {
			isa = PBXVariantGroup;
			children = (
				50103D6C264EF4D60049B7D5 /* Base */,
			);
			name = LaunchScreen.storyboard;
			sourceTree = "<group>";
		};
/* End PBXVariantGroup section */

/* Begin XCBuildConfiguration section */
		50103D6F264EF4D60049B7D5 /* Debug */ = {
			isa = XCBuildConfiguration;
			buildSettings = {
				ALWAYS_SEARCH_USER_PATHS = NO;
				CLANG_ANALYZER_NONNULL = YES;
				CLANG_ANALYZER_NUMBER_OBJECT_CONVERSION = YES_AGGRESSIVE;
				CLANG_CXX_LANGUAGE_STANDARD = "gnu++14";
				CLANG_CXX_LIBRARY = "libc++";
				CLANG_ENABLE_MODULES = YES;
				CLANG_ENABLE_OBJC_ARC = YES;
				CLANG_ENABLE_OBJC_WEAK = YES;
				CLANG_WARN_BLOCK_CAPTURE_AUTORELEASING = YES;
				CLANG_WARN_BOOL_CONVERSION = YES;
				CLANG_WARN_COMMA = YES;
				CLANG_WARN_CONSTANT_CONVERSION = YES;
				CLANG_WARN_DEPRECATED_OBJC_IMPLEMENTATIONS = YES;
				CLANG_WARN_DIRECT_OBJC_ISA_USAGE = YES_ERROR;
				CLANG_WARN_DOCUMENTATION_COMMENTS = YES;
				CLANG_WARN_EMPTY_BODY = YES;
				CLANG_WARN_ENUM_CONVERSION = YES;
				CLANG_WARN_INFINITE_RECURSION = YES;
				CLANG_WARN_INT_CONVERSION = YES;
				CLANG_WARN_NON_LITERAL_NULL_CONVERSION = YES;
				CLANG_WARN_OBJC_IMPLICIT_RETAIN_SELF = YES;
				CLANG_WARN_OBJC_LITERAL_CONVERSION = YES;
				CLANG_WARN_OBJC_ROOT_CLASS = YES_ERROR;
				CLANG_WARN_QUOTED_INCLUDE_IN_FRAMEWORK_HEADER = YES;
				CLANG_WARN_RANGE_LOOP_ANALYSIS = YES;
				CLANG_WARN_STRICT_PROTOTYPES = YES;
				CLANG_WARN_SUSPICIOUS_MOVE = YES;
				CLANG_WARN_UNGUARDED_AVAILABILITY = YES_AGGRESSIVE;
				CLANG_WARN_UNREACHABLE_CODE = YES;
				CLANG_WARN__DUPLICATE_METHOD_MATCH = YES;
				COPY_PHASE_STRIP = NO;
				DEBUG_INFORMATION_FORMAT = dwarf;
				ENABLE_STRICT_OBJC_MSGSEND = YES;
				ENABLE_TESTABILITY = YES;
				GCC_C_LANGUAGE_STANDARD = gnu11;
				GCC_DYNAMIC_NO_PIC = NO;
				GCC_NO_COMMON_BLOCKS = YES;
				GCC_OPTIMIZATION_LEVEL = 0;
				GCC_PREPROCESSOR_DEFINITIONS = (
					"DEBUG=1",
					"$(inherited)",
				);
				GCC_WARN_64_TO_32_BIT_CONVERSION = YES;
				GCC_WARN_ABOUT_RETURN_TYPE = YES_ERROR;
				GCC_WARN_UNDECLARED_SELECTOR = YES;
				GCC_WARN_UNINITIALIZED_AUTOS = YES_AGGRESSIVE;
				GCC_WARN_UNUSED_FUNCTION = YES;
				GCC_WARN_UNUSED_VARIABLE = YES;
				IPHONEOS_DEPLOYMENT_TARGET = 13.6;
				MTL_ENABLE_DEBUG_INFO = INCLUDE_SOURCE;
				MTL_FAST_MATH = YES;
				ONLY_ACTIVE_ARCH = YES;
				SDKROOT = iphoneos;
				SWIFT_ACTIVE_COMPILATION_CONDITIONS = DEBUG;
				SWIFT_OPTIMIZATION_LEVEL = "-Onone";
			};
			name = Debug;
		};
		50103D70264EF4D60049B7D5 /* Release */ = {
			isa = XCBuildConfiguration;
			buildSettings = {
				ALWAYS_SEARCH_USER_PATHS = NO;
				CLANG_ANALYZER_NONNULL = YES;
				CLANG_ANALYZER_NUMBER_OBJECT_CONVERSION = YES_AGGRESSIVE;
				CLANG_CXX_LANGUAGE_STANDARD = "gnu++14";
				CLANG_CXX_LIBRARY = "libc++";
				CLANG_ENABLE_MODULES = YES;
				CLANG_ENABLE_OBJC_ARC = YES;
				CLANG_ENABLE_OBJC_WEAK = YES;
				CLANG_WARN_BLOCK_CAPTURE_AUTORELEASING = YES;
				CLANG_WARN_BOOL_CONVERSION = YES;
				CLANG_WARN_COMMA = YES;
				CLANG_WARN_CONSTANT_CONVERSION = YES;
				CLANG_WARN_DEPRECATED_OBJC_IMPLEMENTATIONS = YES;
				CLANG_WARN_DIRECT_OBJC_ISA_USAGE = YES_ERROR;
				CLANG_WARN_DOCUMENTATION_COMMENTS = YES;
				CLANG_WARN_EMPTY_BODY = YES;
				CLANG_WARN_ENUM_CONVERSION = YES;
				CLANG_WARN_INFINITE_RECURSION = YES;
				CLANG_WARN_INT_CONVERSION = YES;
				CLANG_WARN_NON_LITERAL_NULL_CONVERSION = YES;
				CLANG_WARN_OBJC_IMPLICIT_RETAIN_SELF = YES;
				CLANG_WARN_OBJC_LITERAL_CONVERSION = YES;
				CLANG_WARN_OBJC_ROOT_CLASS = YES_ERROR;
				CLANG_WARN_QUOTED_INCLUDE_IN_FRAMEWORK_HEADER = YES;
				CLANG_WARN_RANGE_LOOP_ANALYSIS = YES;
				CLANG_WARN_STRICT_PROTOTYPES = YES;
				CLANG_WARN_SUSPICIOUS_MOVE = YES;
				CLANG_WARN_UNGUARDED_AVAILABILITY = YES_AGGRESSIVE;
				CLANG_WARN_UNREACHABLE_CODE = YES;
				CLANG_WARN__DUPLICATE_METHOD_MATCH = YES;
				COPY_PHASE_STRIP = NO;
				DEBUG_INFORMATION_FORMAT = "dwarf-with-dsym";
				ENABLE_NS_ASSERTIONS = NO;
				ENABLE_STRICT_OBJC_MSGSEND = YES;
				GCC_C_LANGUAGE_STANDARD = gnu11;
				GCC_NO_COMMON_BLOCKS = YES;
				GCC_WARN_64_TO_32_BIT_CONVERSION = YES;
				GCC_WARN_ABOUT_RETURN_TYPE = YES_ERROR;
				GCC_WARN_UNDECLARED_SELECTOR = YES;
				GCC_WARN_UNINITIALIZED_AUTOS = YES_AGGRESSIVE;
				GCC_WARN_UNUSED_FUNCTION = YES;
				GCC_WARN_UNUSED_VARIABLE = YES;
				IPHONEOS_DEPLOYMENT_TARGET = 13.6;
				MTL_ENABLE_DEBUG_INFO = NO;
				MTL_FAST_MATH = YES;
				SDKROOT = iphoneos;
				SWIFT_COMPILATION_MODE = wholemodule;
				SWIFT_OPTIMIZATION_LEVEL = "-O";
				VALIDATE_PRODUCT = YES;
			};
			name = Release;
		};
		50103D72264EF4D60049B7D5 /* Debug */ = {
			isa = XCBuildConfiguration;
			baseConfigurationReference = EF139999D0EF10D235D01F87 /* Pods-messenger.debug.xcconfig */;
			buildSettings = {
				ASSETCATALOG_COMPILER_APPICON_NAME = AppIcon;
				ASSETCATALOG_COMPILER_GLOBAL_ACCENT_COLOR_NAME = AccentColor;
				CODE_SIGN_STYLE = Automatic;
				DEVELOPMENT_TEAM = WX969P5KTA;
				INFOPLIST_FILE = messenger/Info.plist;
				LD_RUNPATH_SEARCH_PATHS = (
					"$(inherited)",
					"@executable_path/Frameworks",
				);
				PRODUCT_BUNDLE_IDENTIFIER = com.tirbakhlada.messenger;
				PRODUCT_NAME = "$(TARGET_NAME)";
				SWIFT_VERSION = 5.0;
				TARGETED_DEVICE_FAMILY = "1,2";
			};
			name = Debug;
		};
		50103D73264EF4D60049B7D5 /* Release */ = {
			isa = XCBuildConfiguration;
			baseConfigurationReference = FD1EC97B298B9A639CBC7E25 /* Pods-messenger.release.xcconfig */;
			buildSettings = {
				ASSETCATALOG_COMPILER_APPICON_NAME = AppIcon;
				ASSETCATALOG_COMPILER_GLOBAL_ACCENT_COLOR_NAME = AccentColor;
				CODE_SIGN_STYLE = Automatic;
				DEVELOPMENT_TEAM = WX969P5KTA;
				INFOPLIST_FILE = messenger/Info.plist;
				LD_RUNPATH_SEARCH_PATHS = (
					"$(inherited)",
					"@executable_path/Frameworks",
				);
				PRODUCT_BUNDLE_IDENTIFIER = com.tirbakhlada.messenger;
				PRODUCT_NAME = "$(TARGET_NAME)";
				SWIFT_VERSION = 5.0;
				TARGETED_DEVICE_FAMILY = "1,2";
			};
			name = Release;
		};
/* End XCBuildConfiguration section */

/* Begin XCConfigurationList section */
		50103D58264EF4D40049B7D5 /* Build configuration list for PBXProject "messenger" */ = {
			isa = XCConfigurationList;
			buildConfigurations = (
				50103D6F264EF4D60049B7D5 /* Debug */,
				50103D70264EF4D60049B7D5 /* Release */,
			);
			defaultConfigurationIsVisible = 0;
			defaultConfigurationName = Release;
		};
		50103D71264EF4D60049B7D5 /* Build configuration list for PBXNativeTarget "messenger" */ = {
			isa = XCConfigurationList;
			buildConfigurations = (
				50103D72264EF4D60049B7D5 /* Debug */,
				50103D73264EF4D60049B7D5 /* Release */,
			);
			defaultConfigurationIsVisible = 0;
			defaultConfigurationName = Release;
		};
/* End XCConfigurationList section */
	};
	rootObject = 50103D55264EF4D40049B7D5 /* Project object */;
}
